<?xml version="1.0" encoding="utf-8"?>
<Project ToolsVersion="4.0" xmlns="http://schemas.microsoft.com/developer/msbuild/2003">
  <ItemGroup>
    <Filter Include="소스 파일">
      <UniqueIdentifier>{4FC737F1-C7A5-4376-A066-2A32D752A2FF}</UniqueIdentifier>
      <Extensions>cpp;c;cc;cxx;def;odl;idl;hpj;bat;asm;asmx</Extensions>
    </Filter>
    <Filter Include="헤더 파일">
      <UniqueIdentifier>{93995380-89BD-4b04-88EB-625FBE52EBFB}</UniqueIdentifier>
      <Extensions>h;hh;hpp;hxx;hm;inl;inc;xsd</Extensions>
    </Filter>
    <Filter Include="리소스 파일">
      <UniqueIdentifier>{67DA6AB6-F800-4c08-8B7A-83BB121AAD01}</UniqueIdentifier>
      <Extensions>rc;ico;cur;bmp;dlg;rc2;rct;bin;rgs;gif;jpg;jpeg;jpe;resx;tiff;tif;png;wav;mfcribbon-ms</Extensions>
    </Filter>
    <Filter Include="2D Framework">
      <UniqueIdentifier>{321d935e-5001-4633-9e8a-2a4f972760a5}</UniqueIdentifier>
    </Filter>
    <Filter Include="2D Framework\manager">
      <UniqueIdentifier>{9dcb2374-bcff-497c-bfa4-c3af2dfae3ab}</UniqueIdentifier>
    </Filter>
    <Filter Include="gameStudy">
      <UniqueIdentifier>{5175af2c-33b5-416f-9a8d-3629ef86e079}</UniqueIdentifier>
    </Filter>
    <Filter Include="2D Framework\image">
      <UniqueIdentifier>{eed549ce-5e2d-4151-a1de-2d00125f8e8a}</UniqueIdentifier>
    </Filter>
    <Filter Include="2D Framework\utils">
      <UniqueIdentifier>{3328be04-0136-4080-a655-8dcf186e7857}</UniqueIdentifier>
    </Filter>
    <Filter Include="2D Framework\timer">
      <UniqueIdentifier>{9692d7be-c46d-4d58-940d-d02e1963d7ba}</UniqueIdentifier>
    </Filter>
    <Filter Include="2D Framework\txtData">
      <UniqueIdentifier>{ae96a1d9-2b3a-4d00-99cf-7339ad0a95d8}</UniqueIdentifier>
    </Filter>
    <Filter Include="2D Framework\progressBar">
      <UniqueIdentifier>{359ebc3d-c1c5-49cc-b6ac-1c1e2198a7b9}</UniqueIdentifier>
    </Filter>
    <Filter Include="2D Framework\effect">
      <UniqueIdentifier>{179d6a22-c41c-4167-a330-fa850e163d98}</UniqueIdentifier>
    </Filter>
    <Filter Include="2D Framework\animation">
      <UniqueIdentifier>{2b311d5d-1ac9-49fd-a166-94223b303a4c}</UniqueIdentifier>
    </Filter>
    <Filter Include="2D Framework\button">
      <UniqueIdentifier>{ddb096a9-05ed-4b4e-bcd8-5010100f7698}</UniqueIdentifier>
    </Filter>
    <Filter Include="2D Framework\database">
      <UniqueIdentifier>{3c0c4b94-c4f5-43a8-a41d-243799c65199}</UniqueIdentifier>
    </Filter>
    <Filter Include="2D Framework\action">
      <UniqueIdentifier>{871f14ef-c28f-4271-bee8-5e817dc909a2}</UniqueIdentifier>
    </Filter>
    <Filter Include="gameStudy\gameObject">
      <UniqueIdentifier>{99284ba3-ec4e-448c-87ab-f3eaa23887b0}</UniqueIdentifier>
    </Filter>
    <Filter Include="gameStudy\Item">
      <UniqueIdentifier>{9f094041-a58f-4eb2-a790-7d4dfdbc32da}</UniqueIdentifier>
    </Filter>
    <Filter Include="gameStudy\Inventory">
      <UniqueIdentifier>{59054f80-2a0c-42c5-bbf5-289aab86eb25}</UniqueIdentifier>
    </Filter>
    <Filter Include="gameStudy\gameObject\character">
      <UniqueIdentifier>{0d024b93-6385-44e6-b912-38eaaed231dd}</UniqueIdentifier>
    </Filter>
    <Filter Include="gameStudy\gameObject\objects">
      <UniqueIdentifier>{4988893b-edc8-4c26-849d-1c0bd15674b1}</UniqueIdentifier>
    </Filter>
    <Filter Include="gameStudy\mapTool">
      <UniqueIdentifier>{9f35cf64-8f62-495e-ae09-361557e7e2bf}</UniqueIdentifier>
    </Filter>
    <Filter Include="gameStudy\selectStage">
      <UniqueIdentifier>{36a15745-eabb-466f-8260-308e4c9ad48f}</UniqueIdentifier>
    </Filter>
    <Filter Include="gameStudy\store">
      <UniqueIdentifier>{b442965c-48ee-443a-9347-d40bd4f9f75e}</UniqueIdentifier>
    </Filter>
    <Filter Include="gameStudy\title">
      <UniqueIdentifier>{bc7778c8-82d3-44f5-acab-bc2269eb2666}</UniqueIdentifier>
    </Filter>
    <Filter Include="gameStudy\town">
      <UniqueIdentifier>{486f0fce-e6c3-46c4-ae77-eed2d81e2097}</UniqueIdentifier>
    </Filter>
    <Filter Include="gameStudy\battle">
      <UniqueIdentifier>{e067cd68-6528-41df-ab16-ad00349bb31c}</UniqueIdentifier>
    </Filter>
    <Filter Include="gameStudy\gameObject\enemy">
      <UniqueIdentifier>{7e0b8823-1df5-4bd4-859e-902e0fe6e59a}</UniqueIdentifier>
    </Filter>
    <Filter Include="gameStudy\gameObject\npc">
      <UniqueIdentifier>{09b1c888-e044-4d54-a54a-32b5527e1229}</UniqueIdentifier>
    </Filter>
    <Filter Include="gameStudy\aStar">
      <UniqueIdentifier>{42f0b6f3-d929-4bce-80ee-ef9c0cf56edf}</UniqueIdentifier>
    </Filter>
  </ItemGroup>
  <ItemGroup>
    <Text Include="ReadMe.txt" />
  </ItemGroup>
  <ItemGroup>
    <ClInclude Include="stdafx.h">
      <Filter>헤더 파일</Filter>
    </ClInclude>
    <ClInclude Include="targetver.h">
      <Filter>헤더 파일</Filter>
    </ClInclude>
    <ClInclude Include="commonMacroFunction.h">
      <Filter>헤더 파일</Filter>
    </ClInclude>
    <ClInclude Include="singletonBase.h">
      <Filter>2D Framework\manager</Filter>
    </ClInclude>
    <ClInclude Include="randomFunction.h">
      <Filter>헤더 파일</Filter>
    </ClInclude>
    <ClInclude Include="gameNode.h">
      <Filter>2D Framework</Filter>
    </ClInclude>
    <ClInclude Include="gameStudy.h">
      <Filter>gameStudy</Filter>
    </ClInclude>
    <ClInclude Include="keyManager.h">
      <Filter>2D Framework\manager</Filter>
    </ClInclude>
    <ClInclude Include="image.h">
      <Filter>2D Framework\image</Filter>
    </ClInclude>
    <ClInclude Include="utils.h">
      <Filter>2D Framework\utils</Filter>
    </ClInclude>
    <ClInclude Include="imageManager.h">
      <Filter>2D Framework\manager</Filter>
    </ClInclude>
    <ClInclude Include="timer.h">
      <Filter>2D Framework\timer</Filter>
    </ClInclude>
    <ClInclude Include="timeManager.h">
      <Filter>2D Framework\manager</Filter>
    </ClInclude>
    <ClInclude Include="txtData.h">
      <Filter>2D Framework\txtData</Filter>
    </ClInclude>
    <ClInclude Include="progressBar.h">
      <Filter>2D Framework\progressBar</Filter>
    </ClInclude>
    <ClInclude Include="effect.h">
      <Filter>2D Framework\effect</Filter>
    </ClInclude>
    <ClInclude Include="effectManager.h">
      <Filter>2D Framework\manager</Filter>
    </ClInclude>
    <ClInclude Include="animation.h">
      <Filter>2D Framework\animation</Filter>
    </ClInclude>
    <ClInclude Include="button.h">
      <Filter>2D Framework\button</Filter>
    </ClInclude>
    <ClInclude Include="database.h">
      <Filter>2D Framework\database</Filter>
    </ClInclude>
    <ClInclude Include="action.h">
      <Filter>2D Framework\action</Filter>
    </ClInclude>
    <ClInclude Include="sceneManager.h">
      <Filter>2D Framework\manager</Filter>
    </ClInclude>
    <ClInclude Include="actionManager.h">
      <Filter>2D Framework\manager</Filter>
    </ClInclude>
    <ClInclude Include="mapTool.h">
      <Filter>gameStudy\mapTool</Filter>
    </ClInclude>
    <ClInclude Include="town.h">
      <Filter>gameStudy\town</Filter>
    </ClInclude>
    <ClInclude Include="inventory.h">
      <Filter>gameStudy\Inventory</Filter>
    </ClInclude>
    <ClInclude Include="store.h">
      <Filter>gameStudy\store</Filter>
    </ClInclude>
    <ClInclude Include="selectStage.h">
      <Filter>gameStudy\selectStage</Filter>
    </ClInclude>
    <ClInclude Include="item.h">
      <Filter>gameStudy\Item</Filter>
    </ClInclude>
    <ClInclude Include="gameObject.h">
      <Filter>gameStudy\gameObject</Filter>
    </ClInclude>
    <ClInclude Include="objects.h">
      <Filter>gameStudy\gameObject\objects</Filter>
    </ClInclude>
    <ClInclude Include="character.h">
      <Filter>gameStudy\gameObject\character</Filter>
    </ClInclude>
    <ClInclude Include="enemy.h">
      <Filter>gameStudy\gameObject\enemy</Filter>
    </ClInclude>
    <ClInclude Include="npc.h">
      <Filter>gameStudy\gameObject\npc</Filter>
    </ClInclude>
    <ClInclude Include="aStar.h">
      <Filter>gameStudy\aStar</Filter>
    </ClInclude>
    <ClInclude Include="battleManager.h">
      <Filter>gameStudy\battle</Filter>
    </ClInclude>
    <ClInclude Include="battleScene.h">
      <Filter>gameStudy\battle</Filter>
    </ClInclude>
    <ClInclude Include="battleUI.h">
      <Filter>gameStudy\battle</Filter>
    </ClInclude>
    <ClInclude Include="prinny.h">
      <Filter>gameStudy\gameObject\character</Filter>
    </ClInclude>
    <ClInclude Include="orc.h">
      <Filter>gameStudy\gameObject\enemy</Filter>
    </ClInclude>
    <ClInclude Include="etna.h">
      <Filter>gameStudy\gameObject\character</Filter>
    </ClInclude>
    <ClInclude Include="flonne.h">
      <Filter>gameStudy\gameObject\character</Filter>
    </ClInclude>
    <ClInclude Include="raspberyl.h">
      <Filter>gameStudy\gameObject\character</Filter>
    </ClInclude>
    <ClInclude Include="gameObjectManager.h">
      <Filter>gameStudy\gameObject</Filter>
    </ClInclude>
    <ClInclude Include="gameObjectManager.h">
      <Filter>gameStudy\gameObject</Filter>
    </ClInclude>
    <ClInclude Include="battleCamera.h">
      <Filter>gameStudy\battle</Filter>
    </ClInclude>
    <ClInclude Include="title.h">
      <Filter>gameStudy\title</Filter>
    </ClInclude>
  </ItemGroup>
  <ItemGroup>
    <ClCompile Include="stdafx.cpp">
      <Filter>소스 파일</Filter>
    </ClCompile>
    <ClCompile Include="winApi.cpp">
      <Filter>소스 파일</Filter>
    </ClCompile>
    <ClCompile Include="gameNode.cpp">
      <Filter>2D Framework</Filter>
    </ClCompile>
    <ClCompile Include="gameStudy.cpp">
      <Filter>gameStudy</Filter>
    </ClCompile>
    <ClCompile Include="keyManager.cpp">
      <Filter>2D Framework\manager</Filter>
    </ClCompile>
    <ClCompile Include="image.cpp">
      <Filter>2D Framework\image</Filter>
    </ClCompile>
    <ClCompile Include="utils.cpp">
      <Filter>2D Framework\utils</Filter>
    </ClCompile>
    <ClCompile Include="imageManager.cpp">
      <Filter>2D Framework\manager</Filter>
    </ClCompile>
    <ClCompile Include="timer.cpp">
      <Filter>2D Framework\timer</Filter>
    </ClCompile>
    <ClCompile Include="timeManager.cpp">
      <Filter>2D Framework\manager</Filter>
    </ClCompile>
    <ClCompile Include="txtData.cpp">
      <Filter>2D Framework\txtData</Filter>
    </ClCompile>
    <ClCompile Include="progressBar.cpp">
      <Filter>2D Framework\progressBar</Filter>
    </ClCompile>
    <ClCompile Include="effect.cpp">
      <Filter>2D Framework\effect</Filter>
    </ClCompile>
    <ClCompile Include="effectManager.cpp">
      <Filter>2D Framework\manager</Filter>
    </ClCompile>
    <ClCompile Include="animation.cpp">
      <Filter>2D Framework\animation</Filter>
    </ClCompile>
    <ClCompile Include="button.cpp">
      <Filter>2D Framework\button</Filter>
    </ClCompile>
    <ClCompile Include="database.cpp">
      <Filter>2D Framework\database</Filter>
    </ClCompile>
    <ClCompile Include="action.cpp">
      <Filter>2D Framework\action</Filter>
    </ClCompile>
    <ClCompile Include="actionManager.cpp">
      <Filter>2D Framework\manager</Filter>
    </ClCompile>
    <ClCompile Include="sceneManager.cpp">
      <Filter>2D Framework\manager</Filter>
    </ClCompile>
    <ClCompile Include="mapTool.cpp">
      <Filter>gameStudy\mapTool</Filter>
    </ClCompile>
    <ClCompile Include="town.cpp">
      <Filter>gameStudy\town</Filter>
    </ClCompile>
    <ClCompile Include="inventory.cpp">
      <Filter>gameStudy\Inventory</Filter>
    </ClCompile>
    <ClCompile Include="store.cpp">
      <Filter>gameStudy\store</Filter>
    </ClCompile>
    <ClCompile Include="selectStage.cpp">
      <Filter>gameStudy\selectStage</Filter>
    </ClCompile>
    <ClCompile Include="item.cpp">
      <Filter>gameStudy\Item</Filter>
    </ClCompile>
    <ClCompile Include="gameObject.cpp">
      <Filter>gameStudy\gameObject</Filter>
    </ClCompile>
    <ClCompile Include="objects.cpp">
      <Filter>gameStudy\gameObject\objects</Filter>
    </ClCompile>
    <ClCompile Include="character.cpp">
      <Filter>gameStudy\gameObject\character</Filter>
    </ClCompile>
    <ClCompile Include="enemy.cpp">
      <Filter>gameStudy\gameObject\enemy</Filter>
    </ClCompile>
    <ClCompile Include="npc.cpp">
      <Filter>gameStudy\gameObject\npc</Filter>
    </ClCompile>
    <ClCompile Include="aStar.cpp">
      <Filter>gameStudy\aStar</Filter>
    </ClCompile>
    <ClCompile Include="battleManager.cpp">
      <Filter>gameStudy\battle</Filter>
    </ClCompile>
    <ClCompile Include="battleScene.cpp">
      <Filter>gameStudy\battle</Filter>
    </ClCompile>
    <ClCompile Include="battleUI.cpp">
      <Filter>gameStudy\battle</Filter>
    </ClCompile>
    <ClCompile Include="prinny.cpp">
      <Filter>gameStudy\gameObject\character</Filter>
    </ClCompile>
    <ClCompile Include="orc.cpp">
      <Filter>gameStudy\gameObject\enemy</Filter>
    </ClCompile>
    <ClCompile Include="etna.cpp">
      <Filter>gameStudy\gameObject\character</Filter>
    </ClCompile>
    <ClCompile Include="flonne.cpp">
      <Filter>gameStudy\gameObject\character</Filter>
    </ClCompile>
    <ClCompile Include="raspberyl.cpp">
      <Filter>gameStudy\gameObject\character</Filter>
    </ClCompile>
    <ClCompile Include="gameObjectManager.cpp">
      <Filter>gameStudy\gameObject</Filter>
    </ClCompile>
    <ClCompile Include="gameObjectManager.cpp">
      <Filter>gameStudy\gameObject</Filter>
    </ClCompile>
    <ClCompile Include="battleCamera.cpp">
      <Filter>gameStudy\battle</Filter>
    </ClCompile>
    <ClCompile Include="title.cpp">
      <Filter>gameStudy\title</Filter>
    </ClCompile>
  </ItemGroup>
  <ItemGroup>
    <None Include="ClassDiagram.cd" />
  </ItemGroup>
</Project>