<?xml version="1.0" encoding="utf-8"?>
<Project ToolsVersion="4.0" xmlns="http://schemas.microsoft.com/developer/msbuild/2003">
  <ItemGroup>
    <ClCompile Include="action.cpp" />
    <ClCompile Include="actionManager.cpp" />
    <ClCompile Include="animation.cpp" />
    <ClCompile Include="aStar.cpp" />
    <ClCompile Include="battleCamera.cpp" />
    <ClCompile Include="battleManager.cpp" />
    <ClCompile Include="battleScene.cpp" />
    <ClCompile Include="battleUI.cpp" />
    <ClCompile Include="boss.cpp" />
    <ClCompile Include="button.cpp" />
    <ClCompile Include="character.cpp" />
    <ClCompile Include="database.cpp" />
    <ClCompile Include="effect.cpp" />
    <ClCompile Include="effectManager.cpp" />
    <ClCompile Include="enemy.cpp" />
    <ClCompile Include="etna.cpp" />
    <ClCompile Include="flonne.cpp" />
    <ClCompile Include="gameNode.cpp" />
    <ClCompile Include="gameObject.cpp" />
    <ClCompile Include="gameObjectManager.cpp" />
    <ClCompile Include="gameStudy.cpp" />
    <ClCompile Include="image.cpp" />
    <ClCompile Include="imageManager.cpp" />
    <ClCompile Include="inventory.cpp" />
    <ClCompile Include="item.cpp" />
    <ClCompile Include="keyManager.cpp" />
    <ClCompile Include="mapTool.cpp" />
    <ClCompile Include="mercenaryStore.cpp" />
    <ClCompile Include="npc.cpp" />
    <ClCompile Include="objects.cpp" />
    <ClCompile Include="orc.cpp" />
    <ClCompile Include="prinny.cpp" />
    <ClCompile Include="progressBar.cpp" />
    <ClCompile Include="raspberyl.cpp" />
    <ClCompile Include="sceneManager.cpp" />
    <ClCompile Include="selectStage.cpp" />
    <ClCompile Include="selectStageData.cpp" />
    <ClCompile Include="soundManager.cpp" />
    <ClCompile Include="stdafx.cpp" />
    <ClCompile Include="store.cpp" />
    <ClCompile Include="timeManager.cpp" />
    <ClCompile Include="timer.cpp" />
    <ClCompile Include="title.cpp" />
    <ClCompile Include="town.cpp" />
    <ClCompile Include="txtData.cpp" />
    <ClCompile Include="utils.cpp" />
    <ClCompile Include="winApi.cpp" />
  </ItemGroup>
  <ItemGroup>
<<<<<<< HEAD
    <Text Include="ReadMe.txt" />
  </ItemGroup>
  <ItemGroup>
    <ClInclude Include="stdafx.h">
      <Filter>헤더 파일</Filter>
    </ClInclude>
    <ClInclude Include="targetver.h">
      <Filter>헤더 파일</Filter>
    </ClInclude>
    <ClInclude Include="commonMacroFunction.h">
      <Filter>헤더 파일</Filter>
    </ClInclude>
    <ClInclude Include="singletonBase.h">
      <Filter>2D Framework\manager</Filter>
    </ClInclude>
    <ClInclude Include="randomFunction.h">
      <Filter>헤더 파일</Filter>
    </ClInclude>
    <ClInclude Include="gameNode.h">
      <Filter>2D Framework</Filter>
    </ClInclude>
    <ClInclude Include="gameStudy.h">
      <Filter>gameStudy</Filter>
    </ClInclude>
    <ClInclude Include="keyManager.h">
      <Filter>2D Framework\manager</Filter>
    </ClInclude>
    <ClInclude Include="image.h">
      <Filter>2D Framework\image</Filter>
    </ClInclude>
    <ClInclude Include="utils.h">
      <Filter>2D Framework\utils</Filter>
    </ClInclude>
    <ClInclude Include="imageManager.h">
      <Filter>2D Framework\manager</Filter>
    </ClInclude>
    <ClInclude Include="timer.h">
      <Filter>2D Framework\timer</Filter>
    </ClInclude>
    <ClInclude Include="timeManager.h">
      <Filter>2D Framework\manager</Filter>
    </ClInclude>
    <ClInclude Include="txtData.h">
      <Filter>2D Framework\txtData</Filter>
    </ClInclude>
    <ClInclude Include="progressBar.h">
      <Filter>2D Framework\progressBar</Filter>
    </ClInclude>
    <ClInclude Include="effect.h">
      <Filter>2D Framework\effect</Filter>
    </ClInclude>
    <ClInclude Include="effectManager.h">
      <Filter>2D Framework\manager</Filter>
    </ClInclude>
    <ClInclude Include="animation.h">
      <Filter>2D Framework\animation</Filter>
    </ClInclude>
    <ClInclude Include="button.h">
      <Filter>2D Framework\button</Filter>
    </ClInclude>
    <ClInclude Include="database.h">
      <Filter>2D Framework\database</Filter>
    </ClInclude>
    <ClInclude Include="action.h">
      <Filter>2D Framework\action</Filter>
    </ClInclude>
    <ClInclude Include="sceneManager.h">
      <Filter>2D Framework\manager</Filter>
    </ClInclude>
    <ClInclude Include="actionManager.h">
      <Filter>2D Framework\manager</Filter>
    </ClInclude>
    <ClInclude Include="mapTool.h">
      <Filter>gameStudy\mapTool</Filter>
    </ClInclude>
    <ClInclude Include="town.h">
      <Filter>gameStudy\town</Filter>
    </ClInclude>
    <ClInclude Include="inventory.h">
      <Filter>gameStudy\Inventory</Filter>
    </ClInclude>
    <ClInclude Include="store.h">
      <Filter>gameStudy\store</Filter>
    </ClInclude>
    <ClInclude Include="selectStage.h">
      <Filter>gameStudy\selectStage</Filter>
    </ClInclude>
    <ClInclude Include="item.h">
      <Filter>gameStudy\Item</Filter>
    </ClInclude>
    <ClInclude Include="gameObject.h">
      <Filter>gameStudy\gameObject</Filter>
    </ClInclude>
    <ClInclude Include="objects.h">
      <Filter>gameStudy\gameObject\objects</Filter>
    </ClInclude>
    <ClInclude Include="character.h">
      <Filter>gameStudy\gameObject\character</Filter>
    </ClInclude>
    <ClInclude Include="enemy.h">
      <Filter>gameStudy\gameObject\enemy</Filter>
    </ClInclude>
    <ClInclude Include="npc.h">
      <Filter>gameStudy\gameObject\npc</Filter>
    </ClInclude>
    <ClInclude Include="aStar.h">
      <Filter>gameStudy\aStar</Filter>
    </ClInclude>
    <ClInclude Include="battleManager.h">
      <Filter>gameStudy\battle</Filter>
    </ClInclude>
    <ClInclude Include="battleScene.h">
      <Filter>gameStudy\battle</Filter>
    </ClInclude>
    <ClInclude Include="battleUI.h">
      <Filter>gameStudy\battle</Filter>
    </ClInclude>
    <ClInclude Include="prinny.h">
      <Filter>gameStudy\gameObject\character</Filter>
    </ClInclude>
    <ClInclude Include="orc.h">
      <Filter>gameStudy\gameObject\enemy</Filter>
    </ClInclude>
    <ClInclude Include="etna.h">
      <Filter>gameStudy\gameObject\character</Filter>
    </ClInclude>
    <ClInclude Include="flonne.h">
      <Filter>gameStudy\gameObject\character</Filter>
    </ClInclude>
    <ClInclude Include="raspberyl.h">
      <Filter>gameStudy\gameObject\character</Filter>
    </ClInclude>
    <ClInclude Include="gameObjectManager.h">
      <Filter>gameStudy\gameObject</Filter>
    </ClInclude>
    <ClInclude Include="gameObjectManager.h">
      <Filter>gameStudy\gameObject</Filter>
    </ClInclude>
    <ClInclude Include="battleCamera.h">
      <Filter>gameStudy\battle</Filter>
    </ClInclude>
    <ClInclude Include="title.h">
      <Filter>gameStudy\title</Filter>
    </ClInclude>
    <ClInclude Include="mercenaryStore.h">
      <Filter>gameStudy\mercenaryStore</Filter>
    </ClInclude>
    <ClInclude Include="selectStageData.h">
      <Filter>헤더 파일</Filter>
    </ClInclude>
    <ClInclude Include="soundManager.h">
      <Filter>헤더 파일</Filter>
    </ClInclude>
    <ClInclude Include="boss.h">
      <Filter>gameStudy\gameObject\enemy</Filter>
    </ClInclude>
  </ItemGroup>
  <ItemGroup>
    <ClCompile Include="stdafx.cpp">
      <Filter>소스 파일</Filter>
    </ClCompile>
    <ClCompile Include="winApi.cpp">
      <Filter>소스 파일</Filter>
    </ClCompile>
    <ClCompile Include="gameNode.cpp">
      <Filter>2D Framework</Filter>
    </ClCompile>
    <ClCompile Include="gameStudy.cpp">
      <Filter>gameStudy</Filter>
    </ClCompile>
    <ClCompile Include="keyManager.cpp">
      <Filter>2D Framework\manager</Filter>
    </ClCompile>
    <ClCompile Include="image.cpp">
      <Filter>2D Framework\image</Filter>
    </ClCompile>
    <ClCompile Include="utils.cpp">
      <Filter>2D Framework\utils</Filter>
    </ClCompile>
    <ClCompile Include="imageManager.cpp">
      <Filter>2D Framework\manager</Filter>
    </ClCompile>
    <ClCompile Include="timer.cpp">
      <Filter>2D Framework\timer</Filter>
    </ClCompile>
    <ClCompile Include="timeManager.cpp">
      <Filter>2D Framework\manager</Filter>
    </ClCompile>
    <ClCompile Include="txtData.cpp">
      <Filter>2D Framework\txtData</Filter>
    </ClCompile>
    <ClCompile Include="progressBar.cpp">
      <Filter>2D Framework\progressBar</Filter>
    </ClCompile>
    <ClCompile Include="effect.cpp">
      <Filter>2D Framework\effect</Filter>
    </ClCompile>
    <ClCompile Include="effectManager.cpp">
      <Filter>2D Framework\manager</Filter>
    </ClCompile>
    <ClCompile Include="animation.cpp">
      <Filter>2D Framework\animation</Filter>
    </ClCompile>
    <ClCompile Include="button.cpp">
      <Filter>2D Framework\button</Filter>
    </ClCompile>
    <ClCompile Include="database.cpp">
      <Filter>2D Framework\database</Filter>
    </ClCompile>
    <ClCompile Include="action.cpp">
      <Filter>2D Framework\action</Filter>
    </ClCompile>
    <ClCompile Include="actionManager.cpp">
      <Filter>2D Framework\manager</Filter>
    </ClCompile>
    <ClCompile Include="sceneManager.cpp">
      <Filter>2D Framework\manager</Filter>
    </ClCompile>
    <ClCompile Include="mapTool.cpp">
      <Filter>gameStudy\mapTool</Filter>
    </ClCompile>
    <ClCompile Include="town.cpp">
      <Filter>gameStudy\town</Filter>
    </ClCompile>
    <ClCompile Include="inventory.cpp">
      <Filter>gameStudy\Inventory</Filter>
    </ClCompile>
    <ClCompile Include="store.cpp">
      <Filter>gameStudy\store</Filter>
    </ClCompile>
    <ClCompile Include="selectStage.cpp">
      <Filter>gameStudy\selectStage</Filter>
    </ClCompile>
    <ClCompile Include="item.cpp">
      <Filter>gameStudy\Item</Filter>
    </ClCompile>
    <ClCompile Include="gameObject.cpp">
      <Filter>gameStudy\gameObject</Filter>
    </ClCompile>
    <ClCompile Include="objects.cpp">
      <Filter>gameStudy\gameObject\objects</Filter>
    </ClCompile>
    <ClCompile Include="character.cpp">
      <Filter>gameStudy\gameObject\character</Filter>
    </ClCompile>
    <ClCompile Include="enemy.cpp">
      <Filter>gameStudy\gameObject\enemy</Filter>
    </ClCompile>
    <ClCompile Include="npc.cpp">
      <Filter>gameStudy\gameObject\npc</Filter>
    </ClCompile>
    <ClCompile Include="aStar.cpp">
      <Filter>gameStudy\aStar</Filter>
    </ClCompile>
    <ClCompile Include="battleManager.cpp">
      <Filter>gameStudy\battle</Filter>
    </ClCompile>
    <ClCompile Include="battleScene.cpp">
      <Filter>gameStudy\battle</Filter>
    </ClCompile>
    <ClCompile Include="battleUI.cpp">
      <Filter>gameStudy\battle</Filter>
    </ClCompile>
    <ClCompile Include="prinny.cpp">
      <Filter>gameStudy\gameObject\character</Filter>
    </ClCompile>
    <ClCompile Include="orc.cpp">
      <Filter>gameStudy\gameObject\enemy</Filter>
    </ClCompile>
    <ClCompile Include="etna.cpp">
      <Filter>gameStudy\gameObject\character</Filter>
    </ClCompile>
    <ClCompile Include="flonne.cpp">
      <Filter>gameStudy\gameObject\character</Filter>
    </ClCompile>
    <ClCompile Include="raspberyl.cpp">
      <Filter>gameStudy\gameObject\character</Filter>
    </ClCompile>
    <ClCompile Include="gameObjectManager.cpp">
      <Filter>gameStudy\gameObject</Filter>
    </ClCompile>
    <ClCompile Include="gameObjectManager.cpp">
      <Filter>gameStudy\gameObject</Filter>
    </ClCompile>
    <ClCompile Include="battleCamera.cpp">
      <Filter>gameStudy\battle</Filter>
    </ClCompile>
    <ClCompile Include="title.cpp">
      <Filter>gameStudy\title</Filter>
    </ClCompile>
    <ClCompile Include="mercenaryStore.cpp">
      <Filter>gameStudy\mercenaryStore</Filter>
    </ClCompile>
    <ClCompile Include="selectStageData.cpp">
      <Filter>소스 파일</Filter>
    </ClCompile>
    <ClCompile Include="soundManager.cpp">
      <Filter>소스 파일</Filter>
    </ClCompile>
    <ClCompile Include="boss.cpp">
      <Filter>gameStudy\gameObject\enemy</Filter>
    </ClCompile>
=======
    <ClInclude Include="action.h" />
    <ClInclude Include="actionManager.h" />
    <ClInclude Include="animation.h" />
    <ClInclude Include="aStar.h" />
    <ClInclude Include="battleCamera.h" />
    <ClInclude Include="battleManager.h" />
    <ClInclude Include="battleScene.h" />
    <ClInclude Include="battleUI.h" />
    <ClInclude Include="boss.h" />
    <ClInclude Include="button.h" />
    <ClInclude Include="character.h" />
    <ClInclude Include="commonMacroFunction.h" />
    <ClInclude Include="database.h" />
    <ClInclude Include="effect.h" />
    <ClInclude Include="effectManager.h" />
    <ClInclude Include="enemy.h" />
    <ClInclude Include="etna.h" />
    <ClInclude Include="flonne.h" />
    <ClInclude Include="gameNode.h" />
    <ClInclude Include="gameObject.h" />
    <ClInclude Include="gameObjectManager.h" />
    <ClInclude Include="gameStudy.h" />
    <ClInclude Include="image.h" />
    <ClInclude Include="imageManager.h" />
    <ClInclude Include="inventory.h" />
    <ClInclude Include="item.h" />
    <ClInclude Include="keyManager.h" />
    <ClInclude Include="mapTool.h" />
    <ClInclude Include="mercenaryStore.h" />
    <ClInclude Include="npc.h" />
    <ClInclude Include="objects.h" />
    <ClInclude Include="orc.h" />
    <ClInclude Include="prinny.h" />
    <ClInclude Include="progressBar.h" />
    <ClInclude Include="randomFunction.h" />
    <ClInclude Include="raspberyl.h" />
    <ClInclude Include="sceneManager.h" />
    <ClInclude Include="selectStage.h" />
    <ClInclude Include="selectStageData.h" />
    <ClInclude Include="singletonBase.h" />
    <ClInclude Include="soundManager.h" />
    <ClInclude Include="stdafx.h" />
    <ClInclude Include="store.h" />
    <ClInclude Include="targetver.h" />
    <ClInclude Include="timeManager.h" />
    <ClInclude Include="timer.h" />
    <ClInclude Include="title.h" />
    <ClInclude Include="town.h" />
    <ClInclude Include="txtData.h" />
    <ClInclude Include="utils.h" />
  </ItemGroup>
  <ItemGroup>
    <None Include="ClassDiagram.cd" />
>>>>>>> origin/development
  </ItemGroup>
  <ItemGroup>
    <Text Include="ReadMe.txt" />
  </ItemGroup>
</Project>